
Microsoft Visual Studio Solution File, Format Version 12.00
# Visual Studio Version 17
VisualStudioVersion = 17.9.34902.65
MinimumVisualStudioVersion = 10.0.40219.1
Project("{FAE04EC0-301F-11D3-BF4B-00C04F79EFBC}") = "ECommerceApp", "ECommerceApp.csproj", "{D8768E0E-C36F-46C6-B7B8-9487D9FF9541}"
EndProject
Global
	GlobalSection(SolutionConfigurationPlatforms) = preSolution
		Debug|Any CPU = Debug|Any CPU
		Release|Any CPU = Release|Any CPU
	EndGlobalSection
	GlobalSection(ProjectConfigurationPlatforms) = postSolution
		{D8768E0E-C36F-46C6-B7B8-9487D9FF9541}.Debug|Any CPU.ActiveCfg = Debug|Any CPU
		{D8768E0E-C36F-46C6-B7B8-9487D9FF9541}.Debug|Any CPU.Build.0 = Debug|Any CPU
		{D8768E0E-C36F-46C6-B7B8-9487D9FF9541}.Release|Any CPU.ActiveCfg = Release|Any CPU
		{D8768E0E-C36F-46C6-B7B8-9487D9FF9541}.Release|Any CPU.Build.0 = Release|Any CPU
	EndGlobalSection
	GlobalSection(SolutionProperties) = preSolution
		HideSolutionNode = FALSE
	EndGlobalSection
	GlobalSection(ExtensibilityGlobals) = postSolution
		SolutionGuid = {2F82CA98-C762-4F14-91A2-653D481F3BC5}
	EndGlobalSection
EndGlobal
